
Microsoft Visual Studio Solution File, Format Version 12.00
# Visual Studio Version 17
VisualStudioVersion = 17.12.35521.163 d17.12
MinimumVisualStudioVersion = 10.0.40219.1
Project("{FAE04EC0-301F-11D3-BF4B-00C04F79EFBC}") = "execercio21", "execercio21\execercio21.csproj", "{AFBB7623-EF09-46C0-9518-02FF001644CE}"
EndProject
Global
	GlobalSection(SolutionConfigurationPlatforms) = preSolution
		Debug|Any CPU = Debug|Any CPU
		Release|Any CPU = Release|Any CPU
	EndGlobalSection
	GlobalSection(ProjectConfigurationPlatforms) = postSolution
		{AFBB7623-EF09-46C0-9518-02FF001644CE}.Debug|Any CPU.ActiveCfg = Debug|Any CPU
		{AFBB7623-EF09-46C0-9518-02FF001644CE}.Debug|Any CPU.Build.0 = Debug|Any CPU
		{AFBB7623-EF09-46C0-9518-02FF001644CE}.Release|Any CPU.ActiveCfg = Release|Any CPU
		{AFBB7623-EF09-46C0-9518-02FF001644CE}.Release|Any CPU.Build.0 = Release|Any CPU
	EndGlobalSection
	GlobalSection(SolutionProperties) = preSolution
		HideSolutionNode = FALSE
	EndGlobalSection
EndGlobal
